<Solution>
  <Folder Name="/src/">
    <Project Path="src/ProjectSync.Functions/ProjectSync.Functions.csproj" />
  </Folder>
  <Folder Name="/tests/">
    <Project Path="tests/ProjectSync.Functions.Tests/ProjectSync.Functions.Tests.csproj" />
  </Folder>
  <Folder Name="/tools/">
    <Project Path="tools/AcumaticaConnectivityTest/AcumaticaConnectivityTest.csproj" />
    <Project Path="tools/CreateOneDocumentSet/CreateOneDocumentSet.csproj" />
    <Project Path="tools/CreateOneScopingWorkspace/CreateOneScopingWorkspace.csproj" />
    <Project Path="tools/HubSpotConnectivityTest/HubSpotConnectivityTest.csproj" />
    <Project Path="tools/HubSpotOAuthSetup/HubSpotOAuthSetup.csproj" />
    <Project Path="tools/HubSpotPollOnce/HubSpotPollOnce.csproj" />
    <Project Path="tools/ProjectSyncDryRun/ProjectSyncDryRun.csproj" />
    <Project Path="tools/ReconcileOnce/ReconcileOnce.csproj" />
    <Project Path="tools/SharePointConnectivityTest/SharePointConnectivityTest.csproj" />
    <Project Path="tools/SharePointHardening/SharePointHardening.csproj" />
  </Folder>
</Solution>
